Microsoft Visual Studio Solution File, Format Version 12.00
# Visual Studio Version 16
VisualStudioVersion = 16.0.31019.35
MinimumVisualStudioVersion = 10.0.40219.1
Project("{2150E333-8FDC-42A3-9474-1A3956D46DE8}") = "src", "src", "{782315AC-E823-499D-9593-C6E4E740F402}"
EndProject
Project("{2150E333-8FDC-42A3-9474-1A3956D46DE8}") = "test", "test", "{55EA2AC6-266A-4F54-94A6-438822EF5434}"
EndProject
Project("{2150E333-8FDC-42A3-9474-1A3956D46DE8}") = "Bot", "Bot", "{ACF4106A-14B6-4C31-A3C8-2379CB6500F4}"
EndProject
Project("{2150E333-8FDC-42A3-9474-1A3956D46DE8}") = "Core", "Core", "{F02FF0F5-1889-4880-8B93-63E5DDD1F078}"
EndProject
Project("{2150E333-8FDC-42A3-9474-1A3956D46DE8}") = "Infrastructure", "Infrastructure", "{FB72D806-9C00-4C06-B285-B36A9FC84FFC}"
EndProject
Project("{2150E333-8FDC-42A3-9474-1A3956D46DE8}") = "SharedKernel", "SharedKernel", "{578DB660-AC08-4AED-9D2F-6C85484A9797}"
EndProject
Project("{2150E333-8FDC-42A3-9474-1A3956D46DE8}") = "Core", "Core", "{9A2347A6-5EF4-4B61-92F9-B21169E53775}"
EndProject
Project("{2150E333-8FDC-42A3-9474-1A3956D46DE8}") = "Infrastructure", "Infrastructure", "{1B6F547A-9DA3-4514-9144-7E4374C313B0}"
EndProject
Project("{9A19103F-16F7-4668-BE54-9A1E7A4F7556}") = "Dwapi.Bot", "src\Dwapi.Bot\Dwapi.Bot.csproj", "{9AE75F80-6482-4FE0-A085-B607FEEEC740}"
EndProject
Project("{9A19103F-16F7-4668-BE54-9A1E7A4F7556}") = "Dwapi.Bot.Core", "src\Dwapi.Bot.Core\Dwapi.Bot.Core.csproj", "{DFC72150-9B4E-4232-B442-B3ED99D866B3}"
EndProject
Project("{9A19103F-16F7-4668-BE54-9A1E7A4F7556}") = "Dwapi.Bot.Infrastructure", "src\Dwapi.Bot.Infrastructure\Dwapi.Bot.Infrastructure.csproj", "{ABDC1C2A-D1F6-4A62-88A0-F588A581EF4F}"
EndProject
Project("{9A19103F-16F7-4668-BE54-9A1E7A4F7556}") = "Dwapi.Bot.SharedKernel", "src\Dwapi.Bot.SharedKernel\Dwapi.Bot.SharedKernel.csproj", "{44D7C9C0-D653-4387-9E92-59B0AEA70FB1}"
EndProject
Project("{9A19103F-16F7-4668-BE54-9A1E7A4F7556}") = "Dwapi.Bot.Core.Tests", "test\Dwapi.Bot.Core.Tests\Dwapi.Bot.Core.Tests.csproj", "{81609701-33B0-4B44-B291-9D1BD1308DB6}"
EndProject
Project("{9A19103F-16F7-4668-BE54-9A1E7A4F7556}") = "Dwapi.Bot.Infrastructure.Tests", "test\Dwapi.Bot.Infrastructure.Tests\Dwapi.Bot.Infrastructure.Tests.csproj", "{AB6652B4-A2CD-4494-A235-060AF2305192}"
EndProject
Global
	GlobalSection(SolutionConfigurationPlatforms) = preSolution
		Debug|Any CPU = Debug|Any CPU
		Release|Any CPU = Release|Any CPU
	EndGlobalSection
	GlobalSection(ProjectConfigurationPlatforms) = postSolution
		{9AE75F80-6482-4FE0-A085-B607FEEEC740}.Debug|Any CPU.ActiveCfg = Debug|Any CPU
		{9AE75F80-6482-4FE0-A085-B607FEEEC740}.Debug|Any CPU.Build.0 = Debug|Any CPU
		{9AE75F80-6482-4FE0-A085-B607FEEEC740}.Release|Any CPU.ActiveCfg = Release|Any CPU
		{9AE75F80-6482-4FE0-A085-B607FEEEC740}.Release|Any CPU.Build.0 = Release|Any CPU
		{DFC72150-9B4E-4232-B442-B3ED99D866B3}.Debug|Any CPU.ActiveCfg = Debug|Any CPU
		{DFC72150-9B4E-4232-B442-B3ED99D866B3}.Debug|Any CPU.Build.0 = Debug|Any CPU
		{DFC72150-9B4E-4232-B442-B3ED99D866B3}.Release|Any CPU.ActiveCfg = Release|Any CPU
		{DFC72150-9B4E-4232-B442-B3ED99D866B3}.Release|Any CPU.Build.0 = Release|Any CPU
		{ABDC1C2A-D1F6-4A62-88A0-F588A581EF4F}.Debug|Any CPU.ActiveCfg = Debug|Any CPU
		{ABDC1C2A-D1F6-4A62-88A0-F588A581EF4F}.Debug|Any CPU.Build.0 = Debug|Any CPU
		{ABDC1C2A-D1F6-4A62-88A0-F588A581EF4F}.Release|Any CPU.ActiveCfg = Release|Any CPU
		{ABDC1C2A-D1F6-4A62-88A0-F588A581EF4F}.Release|Any CPU.Build.0 = Release|Any CPU
		{44D7C9C0-D653-4387-9E92-59B0AEA70FB1}.Debug|Any CPU.ActiveCfg = Debug|Any CPU
		{44D7C9C0-D653-4387-9E92-59B0AEA70FB1}.Debug|Any CPU.Build.0 = Debug|Any CPU
		{44D7C9C0-D653-4387-9E92-59B0AEA70FB1}.Release|Any CPU.ActiveCfg = Release|Any CPU
		{44D7C9C0-D653-4387-9E92-59B0AEA70FB1}.Release|Any CPU.Build.0 = Release|Any CPU
		{81609701-33B0-4B44-B291-9D1BD1308DB6}.Debug|Any CPU.ActiveCfg = Debug|Any CPU
		{81609701-33B0-4B44-B291-9D1BD1308DB6}.Debug|Any CPU.Build.0 = Debug|Any CPU
		{81609701-33B0-4B44-B291-9D1BD1308DB6}.Release|Any CPU.ActiveCfg = Release|Any CPU
		{81609701-33B0-4B44-B291-9D1BD1308DB6}.Release|Any CPU.Build.0 = Release|Any CPU
		{AB6652B4-A2CD-4494-A235-060AF2305192}.Debug|Any CPU.ActiveCfg = Debug|Any CPU
		{AB6652B4-A2CD-4494-A235-060AF2305192}.Debug|Any CPU.Build.0 = Debug|Any CPU
		{AB6652B4-A2CD-4494-A235-060AF2305192}.Release|Any CPU.ActiveCfg = Release|Any CPU
		{AB6652B4-A2CD-4494-A235-060AF2305192}.Release|Any CPU.Build.0 = Release|Any CPU
	EndGlobalSection
	GlobalSection(SolutionProperties) = preSolution
		HideSolutionNode = FALSE
	EndGlobalSection
	GlobalSection(NestedProjects) = preSolution
		{ACF4106A-14B6-4C31-A3C8-2379CB6500F4} = {782315AC-E823-499D-9593-C6E4E740F402}
		{F02FF0F5-1889-4880-8B93-63E5DDD1F078} = {782315AC-E823-499D-9593-C6E4E740F402}
		{FB72D806-9C00-4C06-B285-B36A9FC84FFC} = {782315AC-E823-499D-9593-C6E4E740F402}
		{578DB660-AC08-4AED-9D2F-6C85484A9797} = {782315AC-E823-499D-9593-C6E4E740F402}
		{9A2347A6-5EF4-4B61-92F9-B21169E53775} = {55EA2AC6-266A-4F54-94A6-438822EF5434}
		{1B6F547A-9DA3-4514-9144-7E4374C313B0} = {55EA2AC6-266A-4F54-94A6-438822EF5434}
		{9AE75F80-6482-4FE0-A085-B607FEEEC740} = {ACF4106A-14B6-4C31-A3C8-2379CB6500F4}
		{DFC72150-9B4E-4232-B442-B3ED99D866B3} = {F02FF0F5-1889-4880-8B93-63E5DDD1F078}
		{ABDC1C2A-D1F6-4A62-88A0-F588A581EF4F} = {FB72D806-9C00-4C06-B285-B36A9FC84FFC}
		{44D7C9C0-D653-4387-9E92-59B0AEA70FB1} = {578DB660-AC08-4AED-9D2F-6C85484A9797}
		{81609701-33B0-4B44-B291-9D1BD1308DB6} = {9A2347A6-5EF4-4B61-92F9-B21169E53775}
		{AB6652B4-A2CD-4494-A235-060AF2305192} = {1B6F547A-9DA3-4514-9144-7E4374C313B0}
	EndGlobalSection
	GlobalSection(ExtensibilityGlobals) = postSolution
		SolutionGuid = {14A2BB13-1C7A-4505-8486-872EE66AA9FA}
	EndGlobalSection
EndGlobal
